
Microsoft Visual Studio Solution File, Format Version 12.00
# Visual Studio Version 16
VisualStudioVersion = 16.0.29230.47
MinimumVisualStudioVersion = 10.0.40219.1
Project("{FAE04EC0-301F-11D3-BF4B-00C04F79EFBC}") = "Snek", "Snek\Snek.csproj", "{30878026-AB00-4416-85FE-9E0A4B72D472}"
EndProject
Global
	GlobalSection(SolutionConfigurationPlatforms) = preSolution
		Debug|Any CPU = Debug|Any CPU
		Release|Any CPU = Release|Any CPU
	EndGlobalSection
	GlobalSection(ProjectConfigurationPlatforms) = postSolution
		{30878026-AB00-4416-85FE-9E0A4B72D472}.Debug|Any CPU.ActiveCfg = Debug|Any CPU
		{30878026-AB00-4416-85FE-9E0A4B72D472}.Debug|Any CPU.Build.0 = Debug|Any CPU
		{30878026-AB00-4416-85FE-9E0A4B72D472}.Release|Any CPU.ActiveCfg = Release|Any CPU
		{30878026-AB00-4416-85FE-9E0A4B72D472}.Release|Any CPU.Build.0 = Release|Any CPU
	EndGlobalSection
	GlobalSection(SolutionProperties) = preSolution
		HideSolutionNode = FALSE
	EndGlobalSection
	GlobalSection(ExtensibilityGlobals) = postSolution
		SolutionGuid = {FE603D3C-E550-46DE-A208-D5AB99C0B9F6}
	EndGlobalSection
EndGlobal
